
Microsoft Visual Studio Solution File, Format Version 12.00
# Visual Studio 15
VisualStudioVersion = 15.0.26124.0
MinimumVisualStudioVersion = 15.0.26124.0
Project("{FAE04EC0-301F-11D3-BF4B-00C04F79EFBC}") = "Database Testing Console", "Database Testing Console\Database Testing Console.csproj", "{EED7108C-E4A2-4E18-AB8C-7D2EF6497C1E}"
EndProject
Project("{FAE04EC0-301F-11D3-BF4B-00C04F79EFBC}") = "StorageEngine", "StorageEngine\StorageEngine.csproj", "{38DC265F-079A-49F6-BEAB-1FCE92AE8487}"
EndProject
Project("{FAE04EC0-301F-11D3-BF4B-00C04F79EFBC}") = "StorageEngineWeb", "StorageEngineWeb\StorageEngineWeb.csproj", "{4E102B08-664A-4011-A69B-6C6599AE723E}"
EndProject
Global
	GlobalSection(SolutionConfigurationPlatforms) = preSolution
		Debug|Any CPU = Debug|Any CPU
		Debug|x64 = Debug|x64
		Debug|x86 = Debug|x86
		Release|Any CPU = Release|Any CPU
		Release|x64 = Release|x64
		Release|x86 = Release|x86
	EndGlobalSection
	GlobalSection(SolutionProperties) = preSolution
		HideSolutionNode = FALSE
	EndGlobalSection
	GlobalSection(ProjectConfigurationPlatforms) = postSolution
		{EED7108C-E4A2-4E18-AB8C-7D2EF6497C1E}.Debug|Any CPU.ActiveCfg = Debug|Any CPU
		{EED7108C-E4A2-4E18-AB8C-7D2EF6497C1E}.Debug|Any CPU.Build.0 = Debug|Any CPU
		{EED7108C-E4A2-4E18-AB8C-7D2EF6497C1E}.Debug|x64.ActiveCfg = Debug|Any CPU
		{EED7108C-E4A2-4E18-AB8C-7D2EF6497C1E}.Debug|x64.Build.0 = Debug|Any CPU
		{EED7108C-E4A2-4E18-AB8C-7D2EF6497C1E}.Debug|x86.ActiveCfg = Debug|Any CPU
		{EED7108C-E4A2-4E18-AB8C-7D2EF6497C1E}.Debug|x86.Build.0 = Debug|Any CPU
		{EED7108C-E4A2-4E18-AB8C-7D2EF6497C1E}.Release|Any CPU.ActiveCfg = Release|Any CPU
		{EED7108C-E4A2-4E18-AB8C-7D2EF6497C1E}.Release|Any CPU.Build.0 = Release|Any CPU
		{EED7108C-E4A2-4E18-AB8C-7D2EF6497C1E}.Release|x64.ActiveCfg = Release|Any CPU
		{EED7108C-E4A2-4E18-AB8C-7D2EF6497C1E}.Release|x64.Build.0 = Release|Any CPU
		{EED7108C-E4A2-4E18-AB8C-7D2EF6497C1E}.Release|x86.ActiveCfg = Release|Any CPU
		{EED7108C-E4A2-4E18-AB8C-7D2EF6497C1E}.Release|x86.Build.0 = Release|Any CPU
		{38DC265F-079A-49F6-BEAB-1FCE92AE8487}.Debug|Any CPU.ActiveCfg = Debug|Any CPU
		{38DC265F-079A-49F6-BEAB-1FCE92AE8487}.Debug|Any CPU.Build.0 = Debug|Any CPU
		{38DC265F-079A-49F6-BEAB-1FCE92AE8487}.Debug|x64.ActiveCfg = Debug|Any CPU
		{38DC265F-079A-49F6-BEAB-1FCE92AE8487}.Debug|x64.Build.0 = Debug|Any CPU
		{38DC265F-079A-49F6-BEAB-1FCE92AE8487}.Debug|x86.ActiveCfg = Debug|Any CPU
		{38DC265F-079A-49F6-BEAB-1FCE92AE8487}.Debug|x86.Build.0 = Debug|Any CPU
		{38DC265F-079A-49F6-BEAB-1FCE92AE8487}.Release|Any CPU.ActiveCfg = Release|Any CPU
		{38DC265F-079A-49F6-BEAB-1FCE92AE8487}.Release|Any CPU.Build.0 = Release|Any CPU
		{38DC265F-079A-49F6-BEAB-1FCE92AE8487}.Release|x64.ActiveCfg = Release|Any CPU
		{38DC265F-079A-49F6-BEAB-1FCE92AE8487}.Release|x64.Build.0 = Release|Any CPU
		{38DC265F-079A-49F6-BEAB-1FCE92AE8487}.Release|x86.ActiveCfg = Release|Any CPU
		{38DC265F-079A-49F6-BEAB-1FCE92AE8487}.Release|x86.Build.0 = Release|Any CPU
		{4E102B08-664A-4011-A69B-6C6599AE723E}.Debug|Any CPU.ActiveCfg = Debug|Any CPU
		{4E102B08-664A-4011-A69B-6C6599AE723E}.Debug|Any CPU.Build.0 = Debug|Any CPU
		{4E102B08-664A-4011-A69B-6C6599AE723E}.Debug|x64.ActiveCfg = Debug|Any CPU
		{4E102B08-664A-4011-A69B-6C6599AE723E}.Debug|x64.Build.0 = Debug|Any CPU
		{4E102B08-664A-4011-A69B-6C6599AE723E}.Debug|x86.ActiveCfg = Debug|Any CPU
		{4E102B08-664A-4011-A69B-6C6599AE723E}.Debug|x86.Build.0 = Debug|Any CPU
		{4E102B08-664A-4011-A69B-6C6599AE723E}.Release|Any CPU.ActiveCfg = Release|Any CPU
		{4E102B08-664A-4011-A69B-6C6599AE723E}.Release|Any CPU.Build.0 = Release|Any CPU
		{4E102B08-664A-4011-A69B-6C6599AE723E}.Release|x64.ActiveCfg = Release|Any CPU
		{4E102B08-664A-4011-A69B-6C6599AE723E}.Release|x64.Build.0 = Release|Any CPU
		{4E102B08-664A-4011-A69B-6C6599AE723E}.Release|x86.ActiveCfg = Release|Any CPU
		{4E102B08-664A-4011-A69B-6C6599AE723E}.Release|x86.Build.0 = Release|Any CPU
	EndGlobalSection
EndGlobal
